
Microsoft Visual Studio Solution File, Format Version 12.00
# Visual Studio Version 17
VisualStudioVersion = 17.14.37111.16 d17.14
MinimumVisualStudioVersion = 10.0.40219.1
Project("{FAE04EC0-301F-11D3-BF4B-00C04F79EFBC}") = "Policy-Document-Generation", "Policy-Document-Generation\Policy-Document-Generation.csproj", "{94244962-F310-46D1-89A2-BD1EE844E116}"
EndProject
Global
	GlobalSection(SolutionConfigurationPlatforms) = preSolution
		Debug|Any CPU = Debug|Any CPU
		Release|Any CPU = Release|Any CPU
	EndGlobalSection
	GlobalSection(ProjectConfigurationPlatforms) = postSolution
		{94244962-F310-46D1-89A2-BD1EE844E116}.Debug|Any CPU.ActiveCfg = Debug|Any CPU
		{94244962-F310-46D1-89A2-BD1EE844E116}.Debug|Any CPU.Build.0 = Debug|Any CPU
		{94244962-F310-46D1-89A2-BD1EE844E116}.Release|Any CPU.ActiveCfg = Release|Any CPU
		{94244962-F310-46D1-89A2-BD1EE844E116}.Release|Any CPU.Build.0 = Release|Any CPU
	EndGlobalSection
	GlobalSection(SolutionProperties) = preSolution
		HideSolutionNode = FALSE
	EndGlobalSection
	GlobalSection(ExtensibilityGlobals) = postSolution
		SolutionGuid = {2124739C-2BBF-417D-8310-A073E3FB011C}
	EndGlobalSection
EndGlobal
